{
  "name": "unsolved-libs",
  "version": "0.0.1",
  "lockfileVersion": 1,
  "requires": true,
  "dependencies": {
    "@nestjs/mapped-types": {
      "version": "0.1.0",
      "resolved": "https://registry.npmjs.org/@nestjs/mapped-types/-/mapped-types-0.1.0.tgz",
      "integrity": "sha512-FfQsZK5K1OvvGqjPHCJtrNTLlKLg7bLuphtCRTFb5K2P98JTfslauMbT7bS8huOoK/86HMNmNoHR/EVLAd4FzA=="
    }
  }
}
